
Microsoft Visual Studio Solution File, Format Version 12.00
# Visual Studio Version 16
VisualStudioVersion = 16.0.30907.101
MinimumVisualStudioVersion = 10.0.40219.1
Project("{8BC9CEB8-8B4A-11D0-8D11-00A0C91BC942}") = "knes", "knes.vcxproj", "{FB178197-7420-4E6B-92BC-5DE8CA7FD998}"
EndProject
Global
	GlobalSection(SolutionConfigurationPlatforms) = preSolution
		Debug|x64 = Debug|x64
		Debug|x86 = Debug|x86
		Release|x64 = Release|x64
		Release|x86 = Release|x86
	EndGlobalSection
	GlobalSection(ProjectConfigurationPlatforms) = postSolution
		{FB178197-7420-4E6B-92BC-5DE8CA7FD998}.Debug|x64.ActiveCfg = Debug|x64
		{FB178197-7420-4E6B-92BC-5DE8CA7FD998}.Debug|x64.Build.0 = Debug|x64
		{FB178197-7420-4E6B-92BC-5DE8CA7FD998}.Debug|x86.ActiveCfg = Debug|Win32
		{FB178197-7420-4E6B-92BC-5DE8CA7FD998}.Debug|x86.Build.0 = Debug|Win32
		{FB178197-7420-4E6B-92BC-5DE8CA7FD998}.Release|x64.ActiveCfg = Release|x64
		{FB178197-7420-4E6B-92BC-5DE8CA7FD998}.Release|x64.Build.0 = Release|x64
		{FB178197-7420-4E6B-92BC-5DE8CA7FD998}.Release|x86.ActiveCfg = Release|Win32
		{FB178197-7420-4E6B-92BC-5DE8CA7FD998}.Release|x86.Build.0 = Release|Win32
	EndGlobalSection
	GlobalSection(SolutionProperties) = preSolution
		HideSolutionNode = FALSE
	EndGlobalSection
	GlobalSection(ExtensibilityGlobals) = postSolution
		SolutionGuid = {B3476527-05C1-48F4-9354-F55C6B311BB4}
	EndGlobalSection
EndGlobal
